
Microsoft Visual Studio Solution File, Format Version 12.00
# Visual Studio Version 17
VisualStudioVersion = 17.0.31903.59
MinimumVisualStudioVersion = 10.0.40219.1
Project("{2150E333-8FDC-42A3-9474-1A3956D46DE8}") = "src", "src", "{A9188824-E901-4A4E-A5F2-3323C9ED378E}"
EndProject
Project("{2150E333-8FDC-42A3-9474-1A3956D46DE8}") = "building-blocks", "building-blocks", "{E26DDE95-483B-48AB-8FF4-68162B910F6E}"
EndProject
Project("{9A19103F-16F7-4668-BE54-9A1E7A4F7556}") = "Core", "src\building-blocks\Core\Core.csproj", "{C29A08F2-EFE5-467D-88BE-41CDCA420AC9}"
EndProject
Project("{9A19103F-16F7-4668-BE54-9A1E7A4F7556}") = "Persistence.EfCore", "src\building-blocks\Persistence.EfCore\Persistence.EfCore.csproj", "{750C0D8F-A4FE-4F87-B07F-B37C32018E83}"
EndProject
Project("{2150E333-8FDC-42A3-9474-1A3956D46DE8}") = "shared", "shared", "{A56C53F4-390E-48A8-B564-32E6528CF6E2}"
EndProject
Project("{9A19103F-16F7-4668-BE54-9A1E7A4F7556}") = "Events", "src\shared\Events\Events.csproj", "{89380114-B3B3-40BA-9EE9-E9BC67C920D1}"
EndProject
Project("{2150E333-8FDC-42A3-9474-1A3956D46DE8}") = "api-gateway", "api-gateway", "{1FD661B7-7CD3-4F66-B2B8-357EEB3FFB5C}"
EndProject
Project("{9A19103F-16F7-4668-BE54-9A1E7A4F7556}") = "Gateway", "src\api-gateway\Gateway\Gateway.csproj", "{0B6C3845-23F7-4871-BFA7-30C6A957689C}"
EndProject
Project("{2150E333-8FDC-42A3-9474-1A3956D46DE8}") = "services", "services", "{AE43B853-AC53-4880-88B6-A4C2D17FADBC}"
EndProject
Project("{2150E333-8FDC-42A3-9474-1A3956D46DE8}") = "catalog", "catalog", "{5533D00E-E9EA-42E6-9427-47C04E892170}"
EndProject
Project("{9A19103F-16F7-4668-BE54-9A1E7A4F7556}") = "Host", "src\services\catalog\Host\Host.csproj", "{F31C8B2B-B4FA-424D-A9E5-72C1E1D914E3}"
EndProject
Project("{9A19103F-16F7-4668-BE54-9A1E7A4F7556}") = "UnitTests", "src\services\catalog\UnitTests\UnitTests.csproj", "{ABAEB282-70A9-4EF0-AF1D-C79FA75129E3}"
EndProject
Project("{9A19103F-16F7-4668-BE54-9A1E7A4F7556}") = "Infrastructure", "src\building-blocks\Infrastructure\Infrastructure.csproj", "{C474DC06-7AB9-438D-84C8-0947548B8ABC}"
EndProject
Project("{9A19103F-16F7-4668-BE54-9A1E7A4F7556}") = "Application", "src\services\catalog\Application\Application.csproj", "{902D5A73-6160-4355-A908-A316E9BE77FC}"
EndProject
Project("{9A19103F-16F7-4668-BE54-9A1E7A4F7556}") = "Domain", "src\services\catalog\Domain\Domain.csproj", "{5BDC9E63-5A60-48C0-82E8-D0FB6759F624}"
EndProject
Project("{FAE04EC0-301F-11D3-BF4B-00C04F79EFBC}") = "Persistence.MongoDb", "src\building-blocks\Persistence.MongoDb\Persistence.MongoDb.csproj", "{67B93D30-B360-49AB-84F8-714C97549F70}"
EndProject
Project("{2150E333-8FDC-42A3-9474-1A3956D46DE8}") = "identity-server", "identity-server", "{9D780F83-23DF-4B2E-B9D4-19DE07C2CC4A}"
EndProject
Project("{FAE04EC0-301F-11D3-BF4B-00C04F79EFBC}") = "Host", "src\identity-server\Host\Host.csproj", "{063F5F7D-048A-41D7-857D-B1E2717C269E}"
EndProject
Global
	GlobalSection(SolutionConfigurationPlatforms) = preSolution
		Debug|Any CPU = Debug|Any CPU
		Release|Any CPU = Release|Any CPU
	EndGlobalSection
	GlobalSection(ProjectConfigurationPlatforms) = postSolution
		{C29A08F2-EFE5-467D-88BE-41CDCA420AC9}.Debug|Any CPU.ActiveCfg = Debug|Any CPU
		{C29A08F2-EFE5-467D-88BE-41CDCA420AC9}.Debug|Any CPU.Build.0 = Debug|Any CPU
		{C29A08F2-EFE5-467D-88BE-41CDCA420AC9}.Release|Any CPU.ActiveCfg = Release|Any CPU
		{C29A08F2-EFE5-467D-88BE-41CDCA420AC9}.Release|Any CPU.Build.0 = Release|Any CPU
		{750C0D8F-A4FE-4F87-B07F-B37C32018E83}.Debug|Any CPU.ActiveCfg = Debug|Any CPU
		{750C0D8F-A4FE-4F87-B07F-B37C32018E83}.Debug|Any CPU.Build.0 = Debug|Any CPU
		{750C0D8F-A4FE-4F87-B07F-B37C32018E83}.Release|Any CPU.ActiveCfg = Release|Any CPU
		{750C0D8F-A4FE-4F87-B07F-B37C32018E83}.Release|Any CPU.Build.0 = Release|Any CPU
		{89380114-B3B3-40BA-9EE9-E9BC67C920D1}.Debug|Any CPU.ActiveCfg = Debug|Any CPU
		{89380114-B3B3-40BA-9EE9-E9BC67C920D1}.Debug|Any CPU.Build.0 = Debug|Any CPU
		{89380114-B3B3-40BA-9EE9-E9BC67C920D1}.Release|Any CPU.ActiveCfg = Release|Any CPU
		{89380114-B3B3-40BA-9EE9-E9BC67C920D1}.Release|Any CPU.Build.0 = Release|Any CPU
		{0B6C3845-23F7-4871-BFA7-30C6A957689C}.Debug|Any CPU.ActiveCfg = Debug|Any CPU
		{0B6C3845-23F7-4871-BFA7-30C6A957689C}.Debug|Any CPU.Build.0 = Debug|Any CPU
		{0B6C3845-23F7-4871-BFA7-30C6A957689C}.Release|Any CPU.ActiveCfg = Release|Any CPU
		{0B6C3845-23F7-4871-BFA7-30C6A957689C}.Release|Any CPU.Build.0 = Release|Any CPU
		{F31C8B2B-B4FA-424D-A9E5-72C1E1D914E3}.Debug|Any CPU.ActiveCfg = Debug|Any CPU
		{F31C8B2B-B4FA-424D-A9E5-72C1E1D914E3}.Debug|Any CPU.Build.0 = Debug|Any CPU
		{F31C8B2B-B4FA-424D-A9E5-72C1E1D914E3}.Release|Any CPU.ActiveCfg = Release|Any CPU
		{F31C8B2B-B4FA-424D-A9E5-72C1E1D914E3}.Release|Any CPU.Build.0 = Release|Any CPU
		{ABAEB282-70A9-4EF0-AF1D-C79FA75129E3}.Debug|Any CPU.ActiveCfg = Debug|Any CPU
		{ABAEB282-70A9-4EF0-AF1D-C79FA75129E3}.Debug|Any CPU.Build.0 = Debug|Any CPU
		{ABAEB282-70A9-4EF0-AF1D-C79FA75129E3}.Release|Any CPU.ActiveCfg = Release|Any CPU
		{ABAEB282-70A9-4EF0-AF1D-C79FA75129E3}.Release|Any CPU.Build.0 = Release|Any CPU
		{C474DC06-7AB9-438D-84C8-0947548B8ABC}.Debug|Any CPU.ActiveCfg = Debug|Any CPU
		{C474DC06-7AB9-438D-84C8-0947548B8ABC}.Debug|Any CPU.Build.0 = Debug|Any CPU
		{C474DC06-7AB9-438D-84C8-0947548B8ABC}.Release|Any CPU.ActiveCfg = Release|Any CPU
		{C474DC06-7AB9-438D-84C8-0947548B8ABC}.Release|Any CPU.Build.0 = Release|Any CPU
		{902D5A73-6160-4355-A908-A316E9BE77FC}.Debug|Any CPU.ActiveCfg = Debug|Any CPU
		{902D5A73-6160-4355-A908-A316E9BE77FC}.Debug|Any CPU.Build.0 = Debug|Any CPU
		{902D5A73-6160-4355-A908-A316E9BE77FC}.Release|Any CPU.ActiveCfg = Release|Any CPU
		{902D5A73-6160-4355-A908-A316E9BE77FC}.Release|Any CPU.Build.0 = Release|Any CPU
		{5BDC9E63-5A60-48C0-82E8-D0FB6759F624}.Debug|Any CPU.ActiveCfg = Debug|Any CPU
		{5BDC9E63-5A60-48C0-82E8-D0FB6759F624}.Debug|Any CPU.Build.0 = Debug|Any CPU
		{5BDC9E63-5A60-48C0-82E8-D0FB6759F624}.Release|Any CPU.ActiveCfg = Release|Any CPU
		{5BDC9E63-5A60-48C0-82E8-D0FB6759F624}.Release|Any CPU.Build.0 = Release|Any CPU
		{67B93D30-B360-49AB-84F8-714C97549F70}.Debug|Any CPU.ActiveCfg = Debug|Any CPU
		{67B93D30-B360-49AB-84F8-714C97549F70}.Debug|Any CPU.Build.0 = Debug|Any CPU
		{67B93D30-B360-49AB-84F8-714C97549F70}.Release|Any CPU.ActiveCfg = Release|Any CPU
		{67B93D30-B360-49AB-84F8-714C97549F70}.Release|Any CPU.Build.0 = Release|Any CPU
		{063F5F7D-048A-41D7-857D-B1E2717C269E}.Debug|Any CPU.ActiveCfg = Debug|Any CPU
		{063F5F7D-048A-41D7-857D-B1E2717C269E}.Debug|Any CPU.Build.0 = Debug|Any CPU
		{063F5F7D-048A-41D7-857D-B1E2717C269E}.Release|Any CPU.ActiveCfg = Release|Any CPU
		{063F5F7D-048A-41D7-857D-B1E2717C269E}.Release|Any CPU.Build.0 = Release|Any CPU
	EndGlobalSection
	GlobalSection(SolutionProperties) = preSolution
		HideSolutionNode = FALSE
	EndGlobalSection
	GlobalSection(NestedProjects) = preSolution
		{E26DDE95-483B-48AB-8FF4-68162B910F6E} = {A9188824-E901-4A4E-A5F2-3323C9ED378E}
		{C29A08F2-EFE5-467D-88BE-41CDCA420AC9} = {E26DDE95-483B-48AB-8FF4-68162B910F6E}
		{750C0D8F-A4FE-4F87-B07F-B37C32018E83} = {E26DDE95-483B-48AB-8FF4-68162B910F6E}
		{A56C53F4-390E-48A8-B564-32E6528CF6E2} = {A9188824-E901-4A4E-A5F2-3323C9ED378E}
		{89380114-B3B3-40BA-9EE9-E9BC67C920D1} = {A56C53F4-390E-48A8-B564-32E6528CF6E2}
		{1FD661B7-7CD3-4F66-B2B8-357EEB3FFB5C} = {A9188824-E901-4A4E-A5F2-3323C9ED378E}
		{0B6C3845-23F7-4871-BFA7-30C6A957689C} = {1FD661B7-7CD3-4F66-B2B8-357EEB3FFB5C}
		{AE43B853-AC53-4880-88B6-A4C2D17FADBC} = {A9188824-E901-4A4E-A5F2-3323C9ED378E}
		{5533D00E-E9EA-42E6-9427-47C04E892170} = {AE43B853-AC53-4880-88B6-A4C2D17FADBC}
		{F31C8B2B-B4FA-424D-A9E5-72C1E1D914E3} = {5533D00E-E9EA-42E6-9427-47C04E892170}
		{ABAEB282-70A9-4EF0-AF1D-C79FA75129E3} = {5533D00E-E9EA-42E6-9427-47C04E892170}
		{C474DC06-7AB9-438D-84C8-0947548B8ABC} = {E26DDE95-483B-48AB-8FF4-68162B910F6E}
		{902D5A73-6160-4355-A908-A316E9BE77FC} = {5533D00E-E9EA-42E6-9427-47C04E892170}
		{5BDC9E63-5A60-48C0-82E8-D0FB6759F624} = {5533D00E-E9EA-42E6-9427-47C04E892170}
		{67B93D30-B360-49AB-84F8-714C97549F70} = {E26DDE95-483B-48AB-8FF4-68162B910F6E}
		{9D780F83-23DF-4B2E-B9D4-19DE07C2CC4A} = {A9188824-E901-4A4E-A5F2-3323C9ED378E}
		{063F5F7D-048A-41D7-857D-B1E2717C269E} = {9D780F83-23DF-4B2E-B9D4-19DE07C2CC4A}
	EndGlobalSection
	GlobalSection(ExtensibilityGlobals) = postSolution
		SolutionGuid = {74F6B94F-F99A-4A42-B62B-8865E548F7CA}
	EndGlobalSection
EndGlobal
