
Microsoft Visual Studio Solution File, Format Version 12.00
# Visual Studio Version 17
VisualStudioVersion = 17.0.31903.59
MinimumVisualStudioVersion = 10.0.40219.1
Project("{2150E333-8FDC-42A3-9474-1A3956D46DE8}") = "src", "src", "{A9188824-E901-4A4E-A5F2-3323C9ED378E}"
EndProject
Project("{2150E333-8FDC-42A3-9474-1A3956D46DE8}") = "building-blocks", "building-blocks", "{E26DDE95-483B-48AB-8FF4-68162B910F6E}"
EndProject
Project("{FAE04EC0-301F-11D3-BF4B-00C04F79EFBC}") = "Core", "src\building-blocks\Core\Core.csproj", "{C29A08F2-EFE5-467D-88BE-41CDCA420AC9}"
EndProject
Project("{FAE04EC0-301F-11D3-BF4B-00C04F79EFBC}") = "Persistence.EfCore", "src\building-blocks\Persistence.EfCore\Persistence.EfCore.csproj", "{750C0D8F-A4FE-4F87-B07F-B37C32018E83}"
EndProject
Project("{FAE04EC0-301F-11D3-BF4B-00C04F79EFBC}") = "Infrastructure", "src\building-blocks\Infrastructure\Infrastructure.csproj", "{AD343B3A-D1EA-4B62-BC33-47CA51EF09C2}"
EndProject
Project("{2150E333-8FDC-42A3-9474-1A3956D46DE8}") = "shared", "shared", "{A56C53F4-390E-48A8-B564-32E6528CF6E2}"
EndProject
Project("{FAE04EC0-301F-11D3-BF4B-00C04F79EFBC}") = "Events", "src\shared\Events\Events.csproj", "{89380114-B3B3-40BA-9EE9-E9BC67C920D1}"
EndProject
Project("{2150E333-8FDC-42A3-9474-1A3956D46DE8}") = "api-gateway", "api-gateway", "{1FD661B7-7CD3-4F66-B2B8-357EEB3FFB5C}"
EndProject
Project("{FAE04EC0-301F-11D3-BF4B-00C04F79EFBC}") = "Gateway", "src\api-gateway\Gateway\Gateway.csproj", "{0B6C3845-23F7-4871-BFA7-30C6A957689C}"
EndProject
Project("{2150E333-8FDC-42A3-9474-1A3956D46DE8}") = "services", "services", "{AE43B853-AC53-4880-88B6-A4C2D17FADBC}"
EndProject
Project("{2150E333-8FDC-42A3-9474-1A3956D46DE8}") = "catalog", "catalog", "{5533D00E-E9EA-42E6-9427-47C04E892170}"
EndProject
Project("{FAE04EC0-301F-11D3-BF4B-00C04F79EFBC}") = "Core", "src\services\catalog\Core\Core.csproj", "{E0AD0156-ECC3-475C-8073-3752AA8C9E21}"
EndProject
Project("{FAE04EC0-301F-11D3-BF4B-00C04F79EFBC}") = "Host", "src\services\catalog\Host\Host.csproj", "{F31C8B2B-B4FA-424D-A9E5-72C1E1D914E3}"
EndProject
Project("{FAE04EC0-301F-11D3-BF4B-00C04F79EFBC}") = "Infrastructure", "src\services\catalog\Infrastructure\Infrastructure.csproj", "{FD4D1377-89A4-49AC-96A6-34A50ED9A794}"
EndProject
Project("{FAE04EC0-301F-11D3-BF4B-00C04F79EFBC}") = "UnitTests", "src\services\catalog\UnitTests\UnitTests.csproj", "{ABAEB282-70A9-4EF0-AF1D-C79FA75129E3}"
EndProject
Global
	GlobalSection(SolutionConfigurationPlatforms) = preSolution
		Debug|Any CPU = Debug|Any CPU
		Release|Any CPU = Release|Any CPU
	EndGlobalSection
	GlobalSection(SolutionProperties) = preSolution
		HideSolutionNode = FALSE
	EndGlobalSection
	GlobalSection(ProjectConfigurationPlatforms) = postSolution
		{799FB1FA-2CB6-49EC-9518-3AE441282B8F}.Debug|Any CPU.ActiveCfg = Debug|Any CPU
		{799FB1FA-2CB6-49EC-9518-3AE441282B8F}.Debug|Any CPU.Build.0 = Debug|Any CPU
		{799FB1FA-2CB6-49EC-9518-3AE441282B8F}.Release|Any CPU.ActiveCfg = Release|Any CPU
		{799FB1FA-2CB6-49EC-9518-3AE441282B8F}.Release|Any CPU.Build.0 = Release|Any CPU
		{C29A08F2-EFE5-467D-88BE-41CDCA420AC9}.Debug|Any CPU.ActiveCfg = Debug|Any CPU
		{C29A08F2-EFE5-467D-88BE-41CDCA420AC9}.Debug|Any CPU.Build.0 = Debug|Any CPU
		{C29A08F2-EFE5-467D-88BE-41CDCA420AC9}.Release|Any CPU.ActiveCfg = Release|Any CPU
		{C29A08F2-EFE5-467D-88BE-41CDCA420AC9}.Release|Any CPU.Build.0 = Release|Any CPU
		{750C0D8F-A4FE-4F87-B07F-B37C32018E83}.Debug|Any CPU.ActiveCfg = Debug|Any CPU
		{750C0D8F-A4FE-4F87-B07F-B37C32018E83}.Debug|Any CPU.Build.0 = Debug|Any CPU
		{750C0D8F-A4FE-4F87-B07F-B37C32018E83}.Release|Any CPU.ActiveCfg = Release|Any CPU
		{750C0D8F-A4FE-4F87-B07F-B37C32018E83}.Release|Any CPU.Build.0 = Release|Any CPU
		{AD343B3A-D1EA-4B62-BC33-47CA51EF09C2}.Debug|Any CPU.ActiveCfg = Debug|Any CPU
		{AD343B3A-D1EA-4B62-BC33-47CA51EF09C2}.Debug|Any CPU.Build.0 = Debug|Any CPU
		{AD343B3A-D1EA-4B62-BC33-47CA51EF09C2}.Release|Any CPU.ActiveCfg = Release|Any CPU
		{AD343B3A-D1EA-4B62-BC33-47CA51EF09C2}.Release|Any CPU.Build.0 = Release|Any CPU
		{89380114-B3B3-40BA-9EE9-E9BC67C920D1}.Debug|Any CPU.ActiveCfg = Debug|Any CPU
		{89380114-B3B3-40BA-9EE9-E9BC67C920D1}.Debug|Any CPU.Build.0 = Debug|Any CPU
		{89380114-B3B3-40BA-9EE9-E9BC67C920D1}.Release|Any CPU.ActiveCfg = Release|Any CPU
		{89380114-B3B3-40BA-9EE9-E9BC67C920D1}.Release|Any CPU.Build.0 = Release|Any CPU
		{0B6C3845-23F7-4871-BFA7-30C6A957689C}.Debug|Any CPU.ActiveCfg = Debug|Any CPU
		{0B6C3845-23F7-4871-BFA7-30C6A957689C}.Debug|Any CPU.Build.0 = Debug|Any CPU
		{0B6C3845-23F7-4871-BFA7-30C6A957689C}.Release|Any CPU.ActiveCfg = Release|Any CPU
		{0B6C3845-23F7-4871-BFA7-30C6A957689C}.Release|Any CPU.Build.0 = Release|Any CPU
		{E0AD0156-ECC3-475C-8073-3752AA8C9E21}.Debug|Any CPU.ActiveCfg = Debug|Any CPU
		{E0AD0156-ECC3-475C-8073-3752AA8C9E21}.Debug|Any CPU.Build.0 = Debug|Any CPU
		{E0AD0156-ECC3-475C-8073-3752AA8C9E21}.Release|Any CPU.ActiveCfg = Release|Any CPU
		{E0AD0156-ECC3-475C-8073-3752AA8C9E21}.Release|Any CPU.Build.0 = Release|Any CPU
		{F31C8B2B-B4FA-424D-A9E5-72C1E1D914E3}.Debug|Any CPU.ActiveCfg = Debug|Any CPU
		{F31C8B2B-B4FA-424D-A9E5-72C1E1D914E3}.Debug|Any CPU.Build.0 = Debug|Any CPU
		{F31C8B2B-B4FA-424D-A9E5-72C1E1D914E3}.Release|Any CPU.ActiveCfg = Release|Any CPU
		{F31C8B2B-B4FA-424D-A9E5-72C1E1D914E3}.Release|Any CPU.Build.0 = Release|Any CPU
		{FD4D1377-89A4-49AC-96A6-34A50ED9A794}.Debug|Any CPU.ActiveCfg = Debug|Any CPU
		{FD4D1377-89A4-49AC-96A6-34A50ED9A794}.Debug|Any CPU.Build.0 = Debug|Any CPU
		{FD4D1377-89A4-49AC-96A6-34A50ED9A794}.Release|Any CPU.ActiveCfg = Release|Any CPU
		{FD4D1377-89A4-49AC-96A6-34A50ED9A794}.Release|Any CPU.Build.0 = Release|Any CPU
		{ABAEB282-70A9-4EF0-AF1D-C79FA75129E3}.Debug|Any CPU.ActiveCfg = Debug|Any CPU
		{ABAEB282-70A9-4EF0-AF1D-C79FA75129E3}.Debug|Any CPU.Build.0 = Debug|Any CPU
		{ABAEB282-70A9-4EF0-AF1D-C79FA75129E3}.Release|Any CPU.ActiveCfg = Release|Any CPU
		{ABAEB282-70A9-4EF0-AF1D-C79FA75129E3}.Release|Any CPU.Build.0 = Release|Any CPU
	EndGlobalSection
	GlobalSection(NestedProjects) = preSolution
		{799FB1FA-2CB6-49EC-9518-3AE441282B8F} = {A9188824-E901-4A4E-A5F2-3323C9ED378E}
		{E26DDE95-483B-48AB-8FF4-68162B910F6E} = {A9188824-E901-4A4E-A5F2-3323C9ED378E}
		{C29A08F2-EFE5-467D-88BE-41CDCA420AC9} = {E26DDE95-483B-48AB-8FF4-68162B910F6E}
		{750C0D8F-A4FE-4F87-B07F-B37C32018E83} = {E26DDE95-483B-48AB-8FF4-68162B910F6E}
		{AD343B3A-D1EA-4B62-BC33-47CA51EF09C2} = {E26DDE95-483B-48AB-8FF4-68162B910F6E}
		{A56C53F4-390E-48A8-B564-32E6528CF6E2} = {A9188824-E901-4A4E-A5F2-3323C9ED378E}
		{89380114-B3B3-40BA-9EE9-E9BC67C920D1} = {A56C53F4-390E-48A8-B564-32E6528CF6E2}
		{1FD661B7-7CD3-4F66-B2B8-357EEB3FFB5C} = {A9188824-E901-4A4E-A5F2-3323C9ED378E}
		{0B6C3845-23F7-4871-BFA7-30C6A957689C} = {1FD661B7-7CD3-4F66-B2B8-357EEB3FFB5C}
		{AE43B853-AC53-4880-88B6-A4C2D17FADBC} = {A9188824-E901-4A4E-A5F2-3323C9ED378E}
		{5533D00E-E9EA-42E6-9427-47C04E892170} = {AE43B853-AC53-4880-88B6-A4C2D17FADBC}
		{E0AD0156-ECC3-475C-8073-3752AA8C9E21} = {5533D00E-E9EA-42E6-9427-47C04E892170}
		{F31C8B2B-B4FA-424D-A9E5-72C1E1D914E3} = {5533D00E-E9EA-42E6-9427-47C04E892170}
		{FD4D1377-89A4-49AC-96A6-34A50ED9A794} = {5533D00E-E9EA-42E6-9427-47C04E892170}
		{ABAEB282-70A9-4EF0-AF1D-C79FA75129E3} = {5533D00E-E9EA-42E6-9427-47C04E892170}
	EndGlobalSection
EndGlobal
