
Microsoft Visual Studio Solution File, Format Version 12.00
# Visual Studio Version 17
VisualStudioVersion = 17.0.31903.59
MinimumVisualStudioVersion = 10.0.40219.1
Project("{2150E333-8FDC-42A3-9474-1A3956D46DE8}") = "framework", "framework", "{DD5F9279-071F-4422-9585-BFEF74253621}"
EndProject
Project("{9A19103F-16F7-4668-BE54-9A1E7A4F7556}") = "FSH.Framework.Core", "..\framework\Core\FSH.Framework.Core.csproj", "{AF34DEC0-7D49-4343-A5E2-46660BC58E1F}"
EndProject
Project("{9A19103F-16F7-4668-BE54-9A1E7A4F7556}") = "FSH.Framework.Infrastructure", "..\framework\Infrastructure\FSH.Framework.Infrastructure.csproj", "{9A4D6052-81F4-4B1A-971E-BE07BA084F0F}"
EndProject
Project("{9A19103F-16F7-4668-BE54-9A1E7A4F7556}") = "FSH.Framework.Persistence.EntityFrameworkCore", "..\framework\Persistence.EntityFrameworkCore\FSH.Framework.Persistence.EntityFrameworkCore.csproj", "{D8E63BDB-EB19-4A12-BE4F-72FD2DE91F69}"
EndProject
Project("{9A19103F-16F7-4668-BE54-9A1E7A4F7556}") = "FSH.Framework.Persistence.Mongo", "..\framework\Persistence.NoSQL\FSH.Framework.Persistence.Mongo.csproj", "{C0B0281C-E900-4E73-BB63-21AF2C66A19B}"
EndProject
Project("{2150E333-8FDC-42A3-9474-1A3956D46DE8}") = "fluentpos", "fluentpos", "{858EF293-2379-450B-B452-C8829667CF0A}"
	ProjectSection(SolutionItems) = preProject
		tye.yaml = tye.yaml
	EndProjectSection
EndProject
Project("{2150E333-8FDC-42A3-9474-1A3956D46DE8}") = "services", "services", "{9DEB2340-DDF1-4949-BD92-971A489DBAC2}"
EndProject
Project("{2150E333-8FDC-42A3-9474-1A3956D46DE8}") = "identity", "identity", "{6F683559-D696-43DC-982E-2D9CA685F9DF}"
EndProject
Project("{9A19103F-16F7-4668-BE54-9A1E7A4F7556}") = "Api", "services\identity\Api\Api.csproj", "{817F80B8-B51E-4B73-A7B3-60DF44507117}"
EndProject
Project("{2150E333-8FDC-42A3-9474-1A3956D46DE8}") = "catalog", "catalog", "{49CD3B7F-EFC4-4018-8E1B-C24C9355FDEC}"
EndProject
Project("{9A19103F-16F7-4668-BE54-9A1E7A4F7556}") = "Api", "services\catalog\Api\Api.csproj", "{557D9BA2-8BFD-46C7-A284-39CCC47C8FF0}"
EndProject
Project("{9A19103F-16F7-4668-BE54-9A1E7A4F7556}") = "Application", "services\catalog\Application\Application.csproj", "{E12BE6E0-5543-4A3F-B765-9B2B2F804DBA}"
EndProject
Project("{9A19103F-16F7-4668-BE54-9A1E7A4F7556}") = "Application", "services\identity\Application\Application.csproj", "{FE7C5380-AF27-4C89-A77E-3475365704EE}"
EndProject
Project("{9A19103F-16F7-4668-BE54-9A1E7A4F7556}") = "Infrastructure", "services\identity\Infrastructure\Infrastructure.csproj", "{858999A1-9FE4-4B3C-88D7-92BA2D49BC2A}"
EndProject
Project("{2150E333-8FDC-42A3-9474-1A3956D46DE8}") = "cart", "cart", "{24FED133-2BF8-49AF-B69D-456761874B02}"
EndProject
Project("{2150E333-8FDC-42A3-9474-1A3956D46DE8}") = "deployments", "deployments", "{3E71369A-E973-44B9-A5A3-5E4558E549C7}"
EndProject
Project("{2150E333-8FDC-42A3-9474-1A3956D46DE8}") = "gateways", "gateways", "{B5547F19-C409-4E67-BDA7-AFD64E1AE9C7}"
EndProject
Project("{2150E333-8FDC-42A3-9474-1A3956D46DE8}") = "terraform", "terraform", "{CB3E1603-E0AE-4A72-A70A-26407928FD14}"
EndProject
Project("{9A19103F-16F7-4668-BE54-9A1E7A4F7556}") = "Gateway", "gateways\Gateway\Gateway.csproj", "{EF9E1169-389E-4524-AD55-C70E29E1A600}"
EndProject
Project("{9A19103F-16F7-4668-BE54-9A1E7A4F7556}") = "Api", "services\cart\Api\Api.csproj", "{95B3B669-CF8F-494E-BFA9-B085E188E693}"
EndProject
Project("{9A19103F-16F7-4668-BE54-9A1E7A4F7556}") = "Application", "services\cart\Application\Application.csproj", "{F960826D-FF77-477E-B163-C7ADFEAFA04D}"
EndProject
Project("{2150E333-8FDC-42A3-9474-1A3956D46DE8}") = "events", "events", "{26900E22-A9E6-4FA6-AA1D-5F8B0CF0DDC1}"
EndProject
Project("{9A19103F-16F7-4668-BE54-9A1E7A4F7556}") = "Events", "events\Events.csproj", "{CFBB612C-ABEC-4E8A-96EB-CCA51393FB84}"
EndProject
Project("{9A19103F-16F7-4668-BE54-9A1E7A4F7556}") = "Infrastructure", "services\catalog\Infrastructure\Infrastructure.csproj", "{75F2D80A-EB8E-484E-A677-093397E702A3}"
EndProject
Project("{9A19103F-16F7-4668-BE54-9A1E7A4F7556}") = "Domain", "services\catalog\Domain\Domain.csproj", "{93672F1F-9E97-4384-AB93-4C9CA6C8F0FF}"
EndProject
Project("{9A19103F-16F7-4668-BE54-9A1E7A4F7556}") = "Domain", "services\identity\Domain\Domain.csproj", "{3274AB80-04C5-4DAD-AE35-DD0BA55F38C8}"
EndProject
Project("{9A19103F-16F7-4668-BE54-9A1E7A4F7556}") = "Infrastructure", "services\cart\Infrastructure\Infrastructure.csproj", "{8B721EFA-CE95-46E5-BB5E-0F7BCF9BFEBA}"
EndProject
Project("{9A19103F-16F7-4668-BE54-9A1E7A4F7556}") = "Domain", "services\cart\Domain\Domain.csproj", "{BFD0C29B-D3BE-4444-ACC0-9AB941117469}"
EndProject
Global
	GlobalSection(SolutionConfigurationPlatforms) = preSolution
		Debug|Any CPU = Debug|Any CPU
		Release|Any CPU = Release|Any CPU
	EndGlobalSection
	GlobalSection(ProjectConfigurationPlatforms) = postSolution
		{AF34DEC0-7D49-4343-A5E2-46660BC58E1F}.Debug|Any CPU.ActiveCfg = Debug|Any CPU
		{AF34DEC0-7D49-4343-A5E2-46660BC58E1F}.Debug|Any CPU.Build.0 = Debug|Any CPU
		{AF34DEC0-7D49-4343-A5E2-46660BC58E1F}.Release|Any CPU.ActiveCfg = Release|Any CPU
		{AF34DEC0-7D49-4343-A5E2-46660BC58E1F}.Release|Any CPU.Build.0 = Release|Any CPU
		{9A4D6052-81F4-4B1A-971E-BE07BA084F0F}.Debug|Any CPU.ActiveCfg = Debug|Any CPU
		{9A4D6052-81F4-4B1A-971E-BE07BA084F0F}.Debug|Any CPU.Build.0 = Debug|Any CPU
		{9A4D6052-81F4-4B1A-971E-BE07BA084F0F}.Release|Any CPU.ActiveCfg = Release|Any CPU
		{9A4D6052-81F4-4B1A-971E-BE07BA084F0F}.Release|Any CPU.Build.0 = Release|Any CPU
		{D8E63BDB-EB19-4A12-BE4F-72FD2DE91F69}.Debug|Any CPU.ActiveCfg = Debug|Any CPU
		{D8E63BDB-EB19-4A12-BE4F-72FD2DE91F69}.Debug|Any CPU.Build.0 = Debug|Any CPU
		{D8E63BDB-EB19-4A12-BE4F-72FD2DE91F69}.Release|Any CPU.ActiveCfg = Release|Any CPU
		{D8E63BDB-EB19-4A12-BE4F-72FD2DE91F69}.Release|Any CPU.Build.0 = Release|Any CPU
		{C0B0281C-E900-4E73-BB63-21AF2C66A19B}.Debug|Any CPU.ActiveCfg = Debug|Any CPU
		{C0B0281C-E900-4E73-BB63-21AF2C66A19B}.Debug|Any CPU.Build.0 = Debug|Any CPU
		{C0B0281C-E900-4E73-BB63-21AF2C66A19B}.Release|Any CPU.ActiveCfg = Release|Any CPU
		{C0B0281C-E900-4E73-BB63-21AF2C66A19B}.Release|Any CPU.Build.0 = Release|Any CPU
		{817F80B8-B51E-4B73-A7B3-60DF44507117}.Debug|Any CPU.ActiveCfg = Debug|Any CPU
		{817F80B8-B51E-4B73-A7B3-60DF44507117}.Debug|Any CPU.Build.0 = Debug|Any CPU
		{817F80B8-B51E-4B73-A7B3-60DF44507117}.Release|Any CPU.ActiveCfg = Release|Any CPU
		{817F80B8-B51E-4B73-A7B3-60DF44507117}.Release|Any CPU.Build.0 = Release|Any CPU
		{557D9BA2-8BFD-46C7-A284-39CCC47C8FF0}.Debug|Any CPU.ActiveCfg = Debug|Any CPU
		{557D9BA2-8BFD-46C7-A284-39CCC47C8FF0}.Debug|Any CPU.Build.0 = Debug|Any CPU
		{557D9BA2-8BFD-46C7-A284-39CCC47C8FF0}.Release|Any CPU.ActiveCfg = Release|Any CPU
		{557D9BA2-8BFD-46C7-A284-39CCC47C8FF0}.Release|Any CPU.Build.0 = Release|Any CPU
		{E12BE6E0-5543-4A3F-B765-9B2B2F804DBA}.Debug|Any CPU.ActiveCfg = Debug|Any CPU
		{E12BE6E0-5543-4A3F-B765-9B2B2F804DBA}.Debug|Any CPU.Build.0 = Debug|Any CPU
		{E12BE6E0-5543-4A3F-B765-9B2B2F804DBA}.Release|Any CPU.ActiveCfg = Release|Any CPU
		{E12BE6E0-5543-4A3F-B765-9B2B2F804DBA}.Release|Any CPU.Build.0 = Release|Any CPU
		{FE7C5380-AF27-4C89-A77E-3475365704EE}.Debug|Any CPU.ActiveCfg = Debug|Any CPU
		{FE7C5380-AF27-4C89-A77E-3475365704EE}.Debug|Any CPU.Build.0 = Debug|Any CPU
		{FE7C5380-AF27-4C89-A77E-3475365704EE}.Release|Any CPU.ActiveCfg = Release|Any CPU
		{FE7C5380-AF27-4C89-A77E-3475365704EE}.Release|Any CPU.Build.0 = Release|Any CPU
		{858999A1-9FE4-4B3C-88D7-92BA2D49BC2A}.Debug|Any CPU.ActiveCfg = Debug|Any CPU
		{858999A1-9FE4-4B3C-88D7-92BA2D49BC2A}.Debug|Any CPU.Build.0 = Debug|Any CPU
		{858999A1-9FE4-4B3C-88D7-92BA2D49BC2A}.Release|Any CPU.ActiveCfg = Release|Any CPU
		{858999A1-9FE4-4B3C-88D7-92BA2D49BC2A}.Release|Any CPU.Build.0 = Release|Any CPU
		{EF9E1169-389E-4524-AD55-C70E29E1A600}.Debug|Any CPU.ActiveCfg = Debug|Any CPU
		{EF9E1169-389E-4524-AD55-C70E29E1A600}.Debug|Any CPU.Build.0 = Debug|Any CPU
		{EF9E1169-389E-4524-AD55-C70E29E1A600}.Release|Any CPU.ActiveCfg = Release|Any CPU
		{EF9E1169-389E-4524-AD55-C70E29E1A600}.Release|Any CPU.Build.0 = Release|Any CPU
		{95B3B669-CF8F-494E-BFA9-B085E188E693}.Debug|Any CPU.ActiveCfg = Debug|Any CPU
		{95B3B669-CF8F-494E-BFA9-B085E188E693}.Debug|Any CPU.Build.0 = Debug|Any CPU
		{95B3B669-CF8F-494E-BFA9-B085E188E693}.Release|Any CPU.ActiveCfg = Release|Any CPU
		{95B3B669-CF8F-494E-BFA9-B085E188E693}.Release|Any CPU.Build.0 = Release|Any CPU
		{F960826D-FF77-477E-B163-C7ADFEAFA04D}.Debug|Any CPU.ActiveCfg = Debug|Any CPU
		{F960826D-FF77-477E-B163-C7ADFEAFA04D}.Debug|Any CPU.Build.0 = Debug|Any CPU
		{F960826D-FF77-477E-B163-C7ADFEAFA04D}.Release|Any CPU.ActiveCfg = Release|Any CPU
		{F960826D-FF77-477E-B163-C7ADFEAFA04D}.Release|Any CPU.Build.0 = Release|Any CPU
		{CFBB612C-ABEC-4E8A-96EB-CCA51393FB84}.Debug|Any CPU.ActiveCfg = Debug|Any CPU
		{CFBB612C-ABEC-4E8A-96EB-CCA51393FB84}.Debug|Any CPU.Build.0 = Debug|Any CPU
		{CFBB612C-ABEC-4E8A-96EB-CCA51393FB84}.Release|Any CPU.ActiveCfg = Release|Any CPU
		{CFBB612C-ABEC-4E8A-96EB-CCA51393FB84}.Release|Any CPU.Build.0 = Release|Any CPU
		{75F2D80A-EB8E-484E-A677-093397E702A3}.Debug|Any CPU.ActiveCfg = Debug|Any CPU
		{75F2D80A-EB8E-484E-A677-093397E702A3}.Debug|Any CPU.Build.0 = Debug|Any CPU
		{75F2D80A-EB8E-484E-A677-093397E702A3}.Release|Any CPU.ActiveCfg = Release|Any CPU
		{75F2D80A-EB8E-484E-A677-093397E702A3}.Release|Any CPU.Build.0 = Release|Any CPU
		{93672F1F-9E97-4384-AB93-4C9CA6C8F0FF}.Debug|Any CPU.ActiveCfg = Debug|Any CPU
		{93672F1F-9E97-4384-AB93-4C9CA6C8F0FF}.Debug|Any CPU.Build.0 = Debug|Any CPU
		{93672F1F-9E97-4384-AB93-4C9CA6C8F0FF}.Release|Any CPU.ActiveCfg = Release|Any CPU
		{93672F1F-9E97-4384-AB93-4C9CA6C8F0FF}.Release|Any CPU.Build.0 = Release|Any CPU
		{3274AB80-04C5-4DAD-AE35-DD0BA55F38C8}.Debug|Any CPU.ActiveCfg = Debug|Any CPU
		{3274AB80-04C5-4DAD-AE35-DD0BA55F38C8}.Debug|Any CPU.Build.0 = Debug|Any CPU
		{3274AB80-04C5-4DAD-AE35-DD0BA55F38C8}.Release|Any CPU.ActiveCfg = Release|Any CPU
		{3274AB80-04C5-4DAD-AE35-DD0BA55F38C8}.Release|Any CPU.Build.0 = Release|Any CPU
		{8B721EFA-CE95-46E5-BB5E-0F7BCF9BFEBA}.Debug|Any CPU.ActiveCfg = Debug|Any CPU
		{8B721EFA-CE95-46E5-BB5E-0F7BCF9BFEBA}.Debug|Any CPU.Build.0 = Debug|Any CPU
		{8B721EFA-CE95-46E5-BB5E-0F7BCF9BFEBA}.Release|Any CPU.ActiveCfg = Release|Any CPU
		{8B721EFA-CE95-46E5-BB5E-0F7BCF9BFEBA}.Release|Any CPU.Build.0 = Release|Any CPU
		{BFD0C29B-D3BE-4444-ACC0-9AB941117469}.Debug|Any CPU.ActiveCfg = Debug|Any CPU
		{BFD0C29B-D3BE-4444-ACC0-9AB941117469}.Debug|Any CPU.Build.0 = Debug|Any CPU
		{BFD0C29B-D3BE-4444-ACC0-9AB941117469}.Release|Any CPU.ActiveCfg = Release|Any CPU
		{BFD0C29B-D3BE-4444-ACC0-9AB941117469}.Release|Any CPU.Build.0 = Release|Any CPU
	EndGlobalSection
	GlobalSection(SolutionProperties) = preSolution
		HideSolutionNode = FALSE
	EndGlobalSection
	GlobalSection(NestedProjects) = preSolution
		{AF34DEC0-7D49-4343-A5E2-46660BC58E1F} = {DD5F9279-071F-4422-9585-BFEF74253621}
		{9A4D6052-81F4-4B1A-971E-BE07BA084F0F} = {DD5F9279-071F-4422-9585-BFEF74253621}
		{D8E63BDB-EB19-4A12-BE4F-72FD2DE91F69} = {DD5F9279-071F-4422-9585-BFEF74253621}
		{C0B0281C-E900-4E73-BB63-21AF2C66A19B} = {DD5F9279-071F-4422-9585-BFEF74253621}
		{9DEB2340-DDF1-4949-BD92-971A489DBAC2} = {858EF293-2379-450B-B452-C8829667CF0A}
		{6F683559-D696-43DC-982E-2D9CA685F9DF} = {9DEB2340-DDF1-4949-BD92-971A489DBAC2}
		{817F80B8-B51E-4B73-A7B3-60DF44507117} = {6F683559-D696-43DC-982E-2D9CA685F9DF}
		{49CD3B7F-EFC4-4018-8E1B-C24C9355FDEC} = {9DEB2340-DDF1-4949-BD92-971A489DBAC2}
		{557D9BA2-8BFD-46C7-A284-39CCC47C8FF0} = {49CD3B7F-EFC4-4018-8E1B-C24C9355FDEC}
		{E12BE6E0-5543-4A3F-B765-9B2B2F804DBA} = {49CD3B7F-EFC4-4018-8E1B-C24C9355FDEC}
		{FE7C5380-AF27-4C89-A77E-3475365704EE} = {6F683559-D696-43DC-982E-2D9CA685F9DF}
		{858999A1-9FE4-4B3C-88D7-92BA2D49BC2A} = {6F683559-D696-43DC-982E-2D9CA685F9DF}
		{24FED133-2BF8-49AF-B69D-456761874B02} = {9DEB2340-DDF1-4949-BD92-971A489DBAC2}
		{3E71369A-E973-44B9-A5A3-5E4558E549C7} = {858EF293-2379-450B-B452-C8829667CF0A}
		{B5547F19-C409-4E67-BDA7-AFD64E1AE9C7} = {858EF293-2379-450B-B452-C8829667CF0A}
		{CB3E1603-E0AE-4A72-A70A-26407928FD14} = {858EF293-2379-450B-B452-C8829667CF0A}
		{EF9E1169-389E-4524-AD55-C70E29E1A600} = {B5547F19-C409-4E67-BDA7-AFD64E1AE9C7}
		{95B3B669-CF8F-494E-BFA9-B085E188E693} = {24FED133-2BF8-49AF-B69D-456761874B02}
		{F960826D-FF77-477E-B163-C7ADFEAFA04D} = {24FED133-2BF8-49AF-B69D-456761874B02}
		{26900E22-A9E6-4FA6-AA1D-5F8B0CF0DDC1} = {858EF293-2379-450B-B452-C8829667CF0A}
		{CFBB612C-ABEC-4E8A-96EB-CCA51393FB84} = {26900E22-A9E6-4FA6-AA1D-5F8B0CF0DDC1}
		{75F2D80A-EB8E-484E-A677-093397E702A3} = {49CD3B7F-EFC4-4018-8E1B-C24C9355FDEC}
		{93672F1F-9E97-4384-AB93-4C9CA6C8F0FF} = {49CD3B7F-EFC4-4018-8E1B-C24C9355FDEC}
		{3274AB80-04C5-4DAD-AE35-DD0BA55F38C8} = {6F683559-D696-43DC-982E-2D9CA685F9DF}
		{8B721EFA-CE95-46E5-BB5E-0F7BCF9BFEBA} = {24FED133-2BF8-49AF-B69D-456761874B02}
		{BFD0C29B-D3BE-4444-ACC0-9AB941117469} = {24FED133-2BF8-49AF-B69D-456761874B02}
	EndGlobalSection
	GlobalSection(ExtensibilityGlobals) = postSolution
		SolutionGuid = {5D2BAFB8-DB68-49E6-B4A9-8CC3E7F0DF2C}
	EndGlobalSection
EndGlobal
